{
  "requires": true,
  "lockfileVersion": 1,
  "dependencies": {
    "@angular-material-extensions/google-maps-autocomplete": {
      "version": "2.0.0",
      "resolved": "https://registry.npmjs.org/@angular-material-extensions/google-maps-autocomplete/-/google-maps-autocomplete-2.0.0.tgz",
      "integrity": "sha512-IbL0a+4mIdD01+f0+vTruXA/5/DK4CVRMoR/j1Ue+WIhun9T4D5d2Mq4VgLn2moWtIM0jO58JMwLni3uA/KPqg=="
    },
    "@types/googlemaps": {
      "version": "3.37.6",
      "resolved": "https://registry.npmjs.org/@types/googlemaps/-/googlemaps-3.37.6.tgz",
      "integrity": "sha512-ANA1t8sjnLvsxFWVxsbzqj1TTYCwp4j+oOXOiezqCenH2jPwYYhpBSqUzG4A3tpuFW1bL/xhAxhN8DRwDFg2Mw=="
    }
  }
}
